// !$*UTF8*$!
{
	archiveVersion = 1;
	classes = {
	};
	objectVersion = 54;
	objects = {

/* Begin PBXBuildFile section */
		00E356F31AD99517003FC87E /* ChatAITests.m in Sources */ = {isa = PBXBuildFile; fileRef = 00E356F21AD99517003FC87E /* ChatAITests.m */; };
		0C80B921A6F3F58F76C31292 /* libPods-ChatAI.a in Frameworks */ = {isa = PBXBuildFile; fileRef = 5DCACB8F33CDC322A6C60F78 /* libPods-ChatAI.a */; };
		13B07FBC1A68108700A75B9A /* AppDelegate.mm in Sources */ = {isa = PBXBuildFile; fileRef = 13B07FB01A68108700A75B9A /* AppDelegate.mm */; };
		13B07FBF1A68108700A75B9A /* Images.xcassets in Resources */ = {isa = PBXBuildFile; fileRef = 13B07FB51A68108700A75B9A /* Images.xcassets */; };
		13B07FC11A68108700A75B9A /* main.m in Sources */ = {isa = PBXBuildFile; fileRef = 13B07FB71A68108700A75B9A /* main.m */; };
		7699B88040F8A987B510C191 /* libPods-ChatAI-ChatAITests.a in Frameworks */ = {isa = PBXBuildFile; fileRef = 19F6CBCC0A4E27FBF8BF4A61 /* libPods-ChatAI-ChatAITests.a */; };
		81AB9BB82411601600AC10FF /* LaunchScreen.storyboard in Resources */ = {isa = PBXBuildFile; fileRef = 81AB9BB72411601600AC10FF /* LaunchScreen.storyboard */; };
		D711E61427E9474E8E632DB5 /* BIZUDPGothic-Bold.ttf in Resources */ = {isa = PBXBuildFile; fileRef = 59D2C1814A7A44AB9C39694D /* BIZUDPGothic-Bold.ttf */; };
		1528F04753CB47A58F0E967B /* BIZUDPGothic-Regular.ttf in Resources */ = {isa = PBXBuildFile; fileRef = EDE7B590151E425A88B5AE89 /* BIZUDPGothic-Regular.ttf */; };
		5D1D7ADD36FF4067BD997185 /* JosefinSans-Bold.ttf in Resources */ = {isa = PBXBuildFile; fileRef = 75AC074558804949923D1CC0 /* JosefinSans-Bold.ttf */; };
		4380076DE77C47CFB78FE975 /* JosefinSans-BoldItalic.ttf in Resources */ = {isa = PBXBuildFile; fileRef = CC24C70E68AA412782BCB944 /* JosefinSans-BoldItalic.ttf */; };
		6B654BFCB45C472B860FFD9A /* JosefinSans-ExtraLight.ttf in Resources */ = {isa = PBXBuildFile; fileRef = A5A3656D2A2249B2AF683EEB /* JosefinSans-ExtraLight.ttf */; };
		E32602F2D08A4FFFA5E5A7DF /* JosefinSans-ExtraLightItalic.ttf in Resources */ = {isa = PBXBuildFile; fileRef = 20A0E832DAF845AAB4A2FF42 /* JosefinSans-ExtraLightItalic.ttf */; };
		5E0DF05C18804E70BA4D5E5D /* JosefinSans-Italic.ttf in Resources */ = {isa = PBXBuildFile; fileRef = A91A42029EB448C98CE35D8D /* JosefinSans-Italic.ttf */; };
		F2ACBF91F06543E48D180FF8 /* JosefinSans-Light.ttf in Resources */ = {isa = PBXBuildFile; fileRef = 824C4AEA779442FF8EBEDE5F /* JosefinSans-Light.ttf */; };
		B4EC70260D5E4F4D892DCBED /* JosefinSans-LightItalic.ttf in Resources */ = {isa = PBXBuildFile; fileRef = 161A1E9F97794E1CA1CA8A99 /* JosefinSans-LightItalic.ttf */; };
		DA1345098490434797621A18 /* JosefinSans-Medium.ttf in Resources */ = {isa = PBXBuildFile; fileRef = 6F0A4B445466464AB50513E7 /* JosefinSans-Medium.ttf */; };
		7A5BBAE578B7458C968F731D /* JosefinSans-MediumItalic.ttf in Resources */ = {isa = PBXBuildFile; fileRef = C02BEB06CC8D4129B6942A40 /* JosefinSans-MediumItalic.ttf */; };
		6F7FA4E98E134A9E9341B97D /* JosefinSans-Regular.ttf in Resources */ = {isa = PBXBuildFile; fileRef = 464742CE4A944212BAC67BC4 /* JosefinSans-Regular.ttf */; };
		4912A695044646C1ADB14CC3 /* JosefinSans-SemiBold.ttf in Resources */ = {isa = PBXBuildFile; fileRef = E0C12B37DA8B409BBE6A867F /* JosefinSans-SemiBold.ttf */; };
		DEA483937D474C88B79F0034 /* JosefinSans-SemiBoldItalic.ttf in Resources */ = {isa = PBXBuildFile; fileRef = 2FB96C5F41F94175BA3A3D44 /* JosefinSans-SemiBoldItalic.ttf */; };
		A3398531A30B4F0594D97EFD /* JosefinSans-Thin.ttf in Resources */ = {isa = PBXBuildFile; fileRef = B65F5E6544B84B3AAED2F644 /* JosefinSans-Thin.ttf */; };
		2077C7DEB2BF4CE7812F83E7 /* JosefinSans-ThinItalic.ttf in Resources */ = {isa = PBXBuildFile; fileRef = A0595B9A8A0246ECBAF50181 /* JosefinSans-ThinItalic.ttf */; };
		85465989666B4E8CA8914C13 /* Manrope-Bold.ttf in Resources */ = {isa = PBXBuildFile; fileRef = 18712F140A0D49949AA990BA /* Manrope-Bold.ttf */; };
		C94F862A7C6B4A64BF4743EF /* Manrope-ExtraBold.ttf in Resources */ = {isa = PBXBuildFile; fileRef = C926C38D37034862A49AB256 /* Manrope-ExtraBold.ttf */; };
		1A5319F21E5146C8AF001A83 /* Manrope-ExtraLight.ttf in Resources */ = {isa = PBXBuildFile; fileRef = 4B6DC35C3C4C4A898E39B39D /* Manrope-ExtraLight.ttf */; };
		C1316C1AEED8499D99FA909C /* Manrope-Light.ttf in Resources */ = {isa = PBXBuildFile; fileRef = DA8A9378AA014905B9B6E323 /* Manrope-Light.ttf */; };
		0D054FA73FE0482482F14FE1 /* Manrope-Medium.ttf in Resources */ = {isa = PBXBuildFile; fileRef = C0523FD3D37448E5B1443536 /* Manrope-Medium.ttf */; };
		2AB6AA5B3B374A30830AD235 /* Manrope-Regular.ttf in Resources */ = {isa = PBXBuildFile; fileRef = 2E3FC45384AE44189CF06FE9 /* Manrope-Regular.ttf */; };
		35BC81782B21427F8025C892 /* Manrope-SemiBold.ttf in Resources */ = {isa = PBXBuildFile; fileRef = A8411CACC1404059AFFD92E6 /* Manrope-SemiBold.ttf */; };
		C1316E8F93CA4C4FB0E9EB17 /* Poppins-Black.ttf in Resources */ = {isa = PBXBuildFile; fileRef = F8732E4EC9774373A01C0940 /* Poppins-Black.ttf */; };
		0CB70D5B1736409C81F75BC8 /* Poppins-BlackItalic.ttf in Resources */ = {isa = PBXBuildFile; fileRef = 3DAE2B40C5D74FBD960EACB5 /* Poppins-BlackItalic.ttf */; };
		99A2338C6351404DABA32BF1 /* Poppins-Bold.ttf in Resources */ = {isa = PBXBuildFile; fileRef = 10EEFCA8E5894E2ABC3D225A /* Poppins-Bold.ttf */; };
		2FFFA27726D24E02BBF00D87 /* Poppins-BoldItalic.ttf in Resources */ = {isa = PBXBuildFile; fileRef = 7EAA9F8305D54859B628BEF9 /* Poppins-BoldItalic.ttf */; };
		EC2384B769814961BECC5D25 /* Poppins-ExtraBold.ttf in Resources */ = {isa = PBXBuildFile; fileRef = D967C369C12047E9982FF93D /* Poppins-ExtraBold.ttf */; };
		044A7A6438974B48946CA9FF /* Poppins-ExtraBoldItalic.ttf in Resources */ = {isa = PBXBuildFile; fileRef = A4A3CA5B9E094C42ACEFB109 /* Poppins-ExtraBoldItalic.ttf */; };
		8A6A3E6946904FD4BE10005D /* Poppins-ExtraLight.ttf in Resources */ = {isa = PBXBuildFile; fileRef = 3FA49D4D0CAC4BD5B3429D23 /* Poppins-ExtraLight.ttf */; };
		69CC9F95DB774105BFD29339 /* Poppins-ExtraLightItalic.ttf in Resources */ = {isa = PBXBuildFile; fileRef = 0646DBCA8DE94F95BFF324EF /* Poppins-ExtraLightItalic.ttf */; };
		2DC988FA18694E3D910F4EF6 /* Poppins-Italic.ttf in Resources */ = {isa = PBXBuildFile; fileRef = 2455B93286D141739FB48289 /* Poppins-Italic.ttf */; };
		C2EB9263AEA54E69BF5000F4 /* Poppins-Light.ttf in Resources */ = {isa = PBXBuildFile; fileRef = B4495F675E6343AFA4DACE85 /* Poppins-Light.ttf */; };
		9F8D354C6E524591B827B239 /* Poppins-LightItalic.ttf in Resources */ = {isa = PBXBuildFile; fileRef = E30FBFA54CE34CD4AAB99E56 /* Poppins-LightItalic.ttf */; };
		BCDA0A1F1F12472CAA3D9C60 /* Poppins-Medium.ttf in Resources */ = {isa = PBXBuildFile; fileRef = 848553EFEE2D4F519F8A1B43 /* Poppins-Medium.ttf */; };
		A5A302AD97D64E94BB8B16E4 /* Poppins-MediumItalic.ttf in Resources */ = {isa = PBXBuildFile; fileRef = 009C64D7E185418E8368862B /* Poppins-MediumItalic.ttf */; };
		088701EF14DE41E09DB78415 /* Poppins-Regular.ttf in Resources */ = {isa = PBXBuildFile; fileRef = 052225287ACE45FFACB5D540 /* Poppins-Regular.ttf */; };
		F09F504615B84537ADFBEBB4 /* Poppins-SemiBold.ttf in Resources */ = {isa = PBXBuildFile; fileRef = 2E75709324144F2BAE2A8BC1 /* Poppins-SemiBold.ttf */; };
		20BCC2E3E6F4469DA4D48637 /* Poppins-SemiBoldItalic.ttf in Resources */ = {isa = PBXBuildFile; fileRef = 07D15D16CFC244B283AA79F8 /* Poppins-SemiBoldItalic.ttf */; };
		F4C04020AE304821B11CF0E5 /* Poppins-Thin.ttf in Resources */ = {isa = PBXBuildFile; fileRef = 527D4B1F85A14C5FA6949E8F /* Poppins-Thin.ttf */; };
		E72C97B08BE74934A5D00E1C /* Poppins-ThinItalic.ttf in Resources */ = {isa = PBXBuildFile; fileRef = 3D95553A54B34DBB85E1DE34 /* Poppins-ThinItalic.ttf */; };
		1740D90626B0429FA9F922D4 /* Quicksand-Bold.ttf in Resources */ = {isa = PBXBuildFile; fileRef = 0187686086FA4F2B88339058 /* Quicksand-Bold.ttf */; };
		210B299883C8475DB2A277BC /* Quicksand-Light.ttf in Resources */ = {isa = PBXBuildFile; fileRef = C19EF3F47F8D456AA2BCCC31 /* Quicksand-Light.ttf */; };
		940056B8C67040459292D7E8 /* Quicksand-Medium.ttf in Resources */ = {isa = PBXBuildFile; fileRef = 29DA29C48733422D8A388640 /* Quicksand-Medium.ttf */; };
		A9B985FCE77B47E39DC5FBCE /* Quicksand-Regular.ttf in Resources */ = {isa = PBXBuildFile; fileRef = E7E367AF61CF41B0BC5C0274 /* Quicksand-Regular.ttf */; };
		9D177D9178234352B069C2D6 /* Quicksand-SemiBold.ttf in Resources */ = {isa = PBXBuildFile; fileRef = 54CC1C3ED41A4F1AB7F9CC1E /* Quicksand-SemiBold.ttf */; };
/* End PBXBuildFile section */

/* Begin PBXContainerItemProxy section */
		00E356F41AD99517003FC87E /* PBXContainerItemProxy */ = {
			isa = PBXContainerItemProxy;
			containerPortal = 83CBB9F71A601CBA00E9B192 /* Project object */;
			proxyType = 1;
			remoteGlobalIDString = 13B07F861A680F5B00A75B9A;
			remoteInfo = ChatAI;
		};
/* End PBXContainerItemProxy section */

/* Begin PBXFileReference section */
		00E356EE1AD99517003FC87E /* ChatAITests.xctest */ = {isa = PBXFileReference; explicitFileType = wrapper.cfbundle; includeInIndex = 0; path = ChatAITests.xctest; sourceTree = BUILT_PRODUCTS_DIR; };
		00E356F11AD99517003FC87E /* Info.plist */ = {isa = PBXFileReference; lastKnownFileType = text.plist.xml; path = Info.plist; sourceTree = "<group>"; };
		00E356F21AD99517003FC87E /* ChatAITests.m */ = {isa = PBXFileReference; lastKnownFileType = sourcecode.c.objc; path = ChatAITests.m; sourceTree = "<group>"; };
		13B07F961A680F5B00A75B9A /* ChatAI.app */ = {isa = PBXFileReference; explicitFileType = wrapper.application; includeInIndex = 0; path = ChatAI.app; sourceTree = BUILT_PRODUCTS_DIR; };
		13B07FAF1A68108700A75B9A /* AppDelegate.h */ = {isa = PBXFileReference; fileEncoding = 4; lastKnownFileType = sourcecode.c.h; name = AppDelegate.h; path = ChatAI/AppDelegate.h; sourceTree = "<group>"; };
		13B07FB01A68108700A75B9A /* AppDelegate.mm */ = {isa = PBXFileReference; fileEncoding = 4; lastKnownFileType = sourcecode.cpp.objcpp; name = AppDelegate.mm; path = ChatAI/AppDelegate.mm; sourceTree = "<group>"; };
		13B07FB51A68108700A75B9A /* Images.xcassets */ = {isa = PBXFileReference; lastKnownFileType = folder.assetcatalog; name = Images.xcassets; path = ChatAI/Images.xcassets; sourceTree = "<group>"; };
		13B07FB61A68108700A75B9A /* Info.plist */ = {isa = PBXFileReference; fileEncoding = 4; lastKnownFileType = text.plist.xml; name = Info.plist; path = ChatAI/Info.plist; sourceTree = "<group>"; };
		13B07FB71A68108700A75B9A /* main.m */ = {isa = PBXFileReference; fileEncoding = 4; lastKnownFileType = sourcecode.c.objc; name = main.m; path = ChatAI/main.m; sourceTree = "<group>"; };
		13B07FB81A68108700A75B9A /* PrivacyInfo.xcprivacy */ = {isa = PBXFileReference; fileEncoding = 4; lastKnownFileType = text.plist.xml; name = PrivacyInfo.xcprivacy; path = ChatAI/PrivacyInfo.xcprivacy; sourceTree = "<group>"; };
		19F6CBCC0A4E27FBF8BF4A61 /* libPods-ChatAI-ChatAITests.a */ = {isa = PBXFileReference; explicitFileType = archive.ar; includeInIndex = 0; path = "libPods-ChatAI-ChatAITests.a"; sourceTree = BUILT_PRODUCTS_DIR; };
		3B4392A12AC88292D35C810B /* Pods-ChatAI.debug.xcconfig */ = {isa = PBXFileReference; includeInIndex = 1; lastKnownFileType = text.xcconfig; name = "Pods-ChatAI.debug.xcconfig"; path = "Target Support Files/Pods-ChatAI/Pods-ChatAI.debug.xcconfig"; sourceTree = "<group>"; };
		5709B34CF0A7D63546082F79 /* Pods-ChatAI.release.xcconfig */ = {isa = PBXFileReference; includeInIndex = 1; lastKnownFileType = text.xcconfig; name = "Pods-ChatAI.release.xcconfig"; path = "Target Support Files/Pods-ChatAI/Pods-ChatAI.release.xcconfig"; sourceTree = "<group>"; };
		5B7EB9410499542E8C5724F5 /* Pods-ChatAI-ChatAITests.debug.xcconfig */ = {isa = PBXFileReference; includeInIndex = 1; lastKnownFileType = text.xcconfig; name = "Pods-ChatAI-ChatAITests.debug.xcconfig"; path = "Target Support Files/Pods-ChatAI-ChatAITests/Pods-ChatAI-ChatAITests.debug.xcconfig"; sourceTree = "<group>"; };
		5DCACB8F33CDC322A6C60F78 /* libPods-ChatAI.a */ = {isa = PBXFileReference; explicitFileType = archive.ar; includeInIndex = 0; path = "libPods-ChatAI.a"; sourceTree = BUILT_PRODUCTS_DIR; };
		81AB9BB72411601600AC10FF /* LaunchScreen.storyboard */ = {isa = PBXFileReference; fileEncoding = 4; lastKnownFileType = file.storyboard; name = LaunchScreen.storyboard; path = ChatAI/LaunchScreen.storyboard; sourceTree = "<group>"; };
		89C6BE57DB24E9ADA2F236DE /* Pods-ChatAI-ChatAITests.release.xcconfig */ = {isa = PBXFileReference; includeInIndex = 1; lastKnownFileType = text.xcconfig; name = "Pods-ChatAI-ChatAITests.release.xcconfig"; path = "Target Support Files/Pods-ChatAI-ChatAITests/Pods-ChatAI-ChatAITests.release.xcconfig"; sourceTree = "<group>"; };
		ED297162215061F000B7C4FE /* JavaScriptCore.framework */ = {isa = PBXFileReference; lastKnownFileType = wrapper.framework; name = JavaScriptCore.framework; path = System/Library/Frameworks/JavaScriptCore.framework; sourceTree = SDKROOT; };
		59D2C1814A7A44AB9C39694D /* BIZUDPGothic-Bold.ttf */ = {isa = PBXFileReference; name = "BIZUDPGothic-Bold.ttf"; path = "../assets/fonts/BIZUDPGothic-Bold.ttf"; sourceTree = "<group>"; fileEncoding = undefined; lastKnownFileType = unknown; explicitFileType = undefined; includeInIndex = 0; };
		EDE7B590151E425A88B5AE89 /* BIZUDPGothic-Regular.ttf */ = {isa = PBXFileReference; name = "BIZUDPGothic-Regular.ttf"; path = "../assets/fonts/BIZUDPGothic-Regular.ttf"; sourceTree = "<group>"; fileEncoding = undefined; lastKnownFileType = unknown; explicitFileType = undefined; includeInIndex = 0; };
		75AC074558804949923D1CC0 /* JosefinSans-Bold.ttf */ = {isa = PBXFileReference; name = "JosefinSans-Bold.ttf"; path = "../assets/fonts/JosefinSans-Bold.ttf"; sourceTree = "<group>"; fileEncoding = undefined; lastKnownFileType = unknown; explicitFileType = undefined; includeInIndex = 0; };
		CC24C70E68AA412782BCB944 /* JosefinSans-BoldItalic.ttf */ = {isa = PBXFileReference; name = "JosefinSans-BoldItalic.ttf"; path = "../assets/fonts/JosefinSans-BoldItalic.ttf"; sourceTree = "<group>"; fileEncoding = undefined; lastKnownFileType = unknown; explicitFileType = undefined; includeInIndex = 0; };
		A5A3656D2A2249B2AF683EEB /* JosefinSans-ExtraLight.ttf */ = {isa = PBXFileReference; name = "JosefinSans-ExtraLight.ttf"; path = "../assets/fonts/JosefinSans-ExtraLight.ttf"; sourceTree = "<group>"; fileEncoding = undefined; lastKnownFileType = unknown; explicitFileType = undefined; includeInIndex = 0; };
		20A0E832DAF845AAB4A2FF42 /* JosefinSans-ExtraLightItalic.ttf */ = {isa = PBXFileReference; name = "JosefinSans-ExtraLightItalic.ttf"; path = "../assets/fonts/JosefinSans-ExtraLightItalic.ttf"; sourceTree = "<group>"; fileEncoding = undefined; lastKnownFileType = unknown; explicitFileType = undefined; includeInIndex = 0; };
		A91A42029EB448C98CE35D8D /* JosefinSans-Italic.ttf */ = {isa = PBXFileReference; name = "JosefinSans-Italic.ttf"; path = "../assets/fonts/JosefinSans-Italic.ttf"; sourceTree = "<group>"; fileEncoding = undefined; lastKnownFileType = unknown; explicitFileType = undefined; includeInIndex = 0; };
		824C4AEA779442FF8EBEDE5F /* JosefinSans-Light.ttf */ = {isa = PBXFileReference; name = "JosefinSans-Light.ttf"; path = "../assets/fonts/JosefinSans-Light.ttf"; sourceTree = "<group>"; fileEncoding = undefined; lastKnownFileType = unknown; explicitFileType = undefined; includeInIndex = 0; };
		161A1E9F97794E1CA1CA8A99 /* JosefinSans-LightItalic.ttf */ = {isa = PBXFileReference; name = "JosefinSans-LightItalic.ttf"; path = "../assets/fonts/JosefinSans-LightItalic.ttf"; sourceTree = "<group>"; fileEncoding = undefined; lastKnownFileType = unknown; explicitFileType = undefined; includeInIndex = 0; };
		6F0A4B445466464AB50513E7 /* JosefinSans-Medium.ttf */ = {isa = PBXFileReference; name = "JosefinSans-Medium.ttf"; path = "../assets/fonts/JosefinSans-Medium.ttf"; sourceTree = "<group>"; fileEncoding = undefined; lastKnownFileType = unknown; explicitFileType = undefined; includeInIndex = 0; };
		C02BEB06CC8D4129B6942A40 /* JosefinSans-MediumItalic.ttf */ = {isa = PBXFileReference; name = "JosefinSans-MediumItalic.ttf"; path = "../assets/fonts/JosefinSans-MediumItalic.ttf"; sourceTree = "<group>"; fileEncoding = undefined; lastKnownFileType = unknown; explicitFileType = undefined; includeInIndex = 0; };
		464742CE4A944212BAC67BC4 /* JosefinSans-Regular.ttf */ = {isa = PBXFileReference; name = "JosefinSans-Regular.ttf"; path = "../assets/fonts/JosefinSans-Regular.ttf"; sourceTree = "<group>"; fileEncoding = undefined; lastKnownFileType = unknown; explicitFileType = undefined; includeInIndex = 0; };
		E0C12B37DA8B409BBE6A867F /* JosefinSans-SemiBold.ttf */ = {isa = PBXFileReference; name = "JosefinSans-SemiBold.ttf"; path = "../assets/fonts/JosefinSans-SemiBold.ttf"; sourceTree = "<group>"; fileEncoding = undefined; lastKnownFileType = unknown; explicitFileType = undefined; includeInIndex = 0; };
		2FB96C5F41F94175BA3A3D44 /* JosefinSans-SemiBoldItalic.ttf */ = {isa = PBXFileReference; name = "JosefinSans-SemiBoldItalic.ttf"; path = "../assets/fonts/JosefinSans-SemiBoldItalic.ttf"; sourceTree = "<group>"; fileEncoding = undefined; lastKnownFileType = unknown; explicitFileType = undefined; includeInIndex = 0; };
		B65F5E6544B84B3AAED2F644 /* JosefinSans-Thin.ttf */ = {isa = PBXFileReference; name = "JosefinSans-Thin.ttf"; path = "../assets/fonts/JosefinSans-Thin.ttf"; sourceTree = "<group>"; fileEncoding = undefined; lastKnownFileType = unknown; explicitFileType = undefined; includeInIndex = 0; };
		A0595B9A8A0246ECBAF50181 /* JosefinSans-ThinItalic.ttf */ = {isa = PBXFileReference; name = "JosefinSans-ThinItalic.ttf"; path = "../assets/fonts/JosefinSans-ThinItalic.ttf"; sourceTree = "<group>"; fileEncoding = undefined; lastKnownFileType = unknown; explicitFileType = undefined; includeInIndex = 0; };
		18712F140A0D49949AA990BA /* Manrope-Bold.ttf */ = {isa = PBXFileReference; name = "Manrope-Bold.ttf"; path = "../assets/fonts/Manrope-Bold.ttf"; sourceTree = "<group>"; fileEncoding = undefined; lastKnownFileType = unknown; explicitFileType = undefined; includeInIndex = 0; };
		C926C38D37034862A49AB256 /* Manrope-ExtraBold.ttf */ = {isa = PBXFileReference; name = "Manrope-ExtraBold.ttf"; path = "../assets/fonts/Manrope-ExtraBold.ttf"; sourceTree = "<group>"; fileEncoding = undefined; lastKnownFileType = unknown; explicitFileType = undefined; includeInIndex = 0; };
		4B6DC35C3C4C4A898E39B39D /* Manrope-ExtraLight.ttf */ = {isa = PBXFileReference; name = "Manrope-ExtraLight.ttf"; path = "../assets/fonts/Manrope-ExtraLight.ttf"; sourceTree = "<group>"; fileEncoding = undefined; lastKnownFileType = unknown; explicitFileType = undefined; includeInIndex = 0; };
		DA8A9378AA014905B9B6E323 /* Manrope-Light.ttf */ = {isa = PBXFileReference; name = "Manrope-Light.ttf"; path = "../assets/fonts/Manrope-Light.ttf"; sourceTree = "<group>"; fileEncoding = undefined; lastKnownFileType = unknown; explicitFileType = undefined; includeInIndex = 0; };
		C0523FD3D37448E5B1443536 /* Manrope-Medium.ttf */ = {isa = PBXFileReference; name = "Manrope-Medium.ttf"; path = "../assets/fonts/Manrope-Medium.ttf"; sourceTree = "<group>"; fileEncoding = undefined; lastKnownFileType = unknown; explicitFileType = undefined; includeInIndex = 0; };
		2E3FC45384AE44189CF06FE9 /* Manrope-Regular.ttf */ = {isa = PBXFileReference; name = "Manrope-Regular.ttf"; path = "../assets/fonts/Manrope-Regular.ttf"; sourceTree = "<group>"; fileEncoding = undefined; lastKnownFileType = unknown; explicitFileType = undefined; includeInIndex = 0; };
		A8411CACC1404059AFFD92E6 /* Manrope-SemiBold.ttf */ = {isa = PBXFileReference; name = "Manrope-SemiBold.ttf"; path = "../assets/fonts/Manrope-SemiBold.ttf"; sourceTree = "<group>"; fileEncoding = undefined; lastKnownFileType = unknown; explicitFileType = undefined; includeInIndex = 0; };
		F8732E4EC9774373A01C0940 /* Poppins-Black.ttf */ = {isa = PBXFileReference; name = "Poppins-Black.ttf"; path = "../assets/fonts/Poppins-Black.ttf"; sourceTree = "<group>"; fileEncoding = undefined; lastKnownFileType = unknown; explicitFileType = undefined; includeInIndex = 0; };
		3DAE2B40C5D74FBD960EACB5 /* Poppins-BlackItalic.ttf */ = {isa = PBXFileReference; name = "Poppins-BlackItalic.ttf"; path = "../assets/fonts/Poppins-BlackItalic.ttf"; sourceTree = "<group>"; fileEncoding = undefined; lastKnownFileType = unknown; explicitFileType = undefined; includeInIndex = 0; };
		10EEFCA8E5894E2ABC3D225A /* Poppins-Bold.ttf */ = {isa = PBXFileReference; name = "Poppins-Bold.ttf"; path = "../assets/fonts/Poppins-Bold.ttf"; sourceTree = "<group>"; fileEncoding = undefined; lastKnownFileType = unknown; explicitFileType = undefined; includeInIndex = 0; };
		7EAA9F8305D54859B628BEF9 /* Poppins-BoldItalic.ttf */ = {isa = PBXFileReference; name = "Poppins-BoldItalic.ttf"; path = "../assets/fonts/Poppins-BoldItalic.ttf"; sourceTree = "<group>"; fileEncoding = undefined; lastKnownFileType = unknown; explicitFileType = undefined; includeInIndex = 0; };
		D967C369C12047E9982FF93D /* Poppins-ExtraBold.ttf */ = {isa = PBXFileReference; name = "Poppins-ExtraBold.ttf"; path = "../assets/fonts/Poppins-ExtraBold.ttf"; sourceTree = "<group>"; fileEncoding = undefined; lastKnownFileType = unknown; explicitFileType = undefined; includeInIndex = 0; };
		A4A3CA5B9E094C42ACEFB109 /* Poppins-ExtraBoldItalic.ttf */ = {isa = PBXFileReference; name = "Poppins-ExtraBoldItalic.ttf"; path = "../assets/fonts/Poppins-ExtraBoldItalic.ttf"; sourceTree = "<group>"; fileEncoding = undefined; lastKnownFileType = unknown; explicitFileType = undefined; includeInIndex = 0; };
		3FA49D4D0CAC4BD5B3429D23 /* Poppins-ExtraLight.ttf */ = {isa = PBXFileReference; name = "Poppins-ExtraLight.ttf"; path = "../assets/fonts/Poppins-ExtraLight.ttf"; sourceTree = "<group>"; fileEncoding = undefined; lastKnownFileType = unknown; explicitFileType = undefined; includeInIndex = 0; };
		0646DBCA8DE94F95BFF324EF /* Poppins-ExtraLightItalic.ttf */ = {isa = PBXFileReference; name = "Poppins-ExtraLightItalic.ttf"; path = "../assets/fonts/Poppins-ExtraLightItalic.ttf"; sourceTree = "<group>"; fileEncoding = undefined; lastKnownFileType = unknown; explicitFileType = undefined; includeInIndex = 0; };
		2455B93286D141739FB48289 /* Poppins-Italic.ttf */ = {isa = PBXFileReference; name = "Poppins-Italic.ttf"; path = "../assets/fonts/Poppins-Italic.ttf"; sourceTree = "<group>"; fileEncoding = undefined; lastKnownFileType = unknown; explicitFileType = undefined; includeInIndex = 0; };
		B4495F675E6343AFA4DACE85 /* Poppins-Light.ttf */ = {isa = PBXFileReference; name = "Poppins-Light.ttf"; path = "../assets/fonts/Poppins-Light.ttf"; sourceTree = "<group>"; fileEncoding = undefined; lastKnownFileType = unknown; explicitFileType = undefined; includeInIndex = 0; };
		E30FBFA54CE34CD4AAB99E56 /* Poppins-LightItalic.ttf */ = {isa = PBXFileReference; name = "Poppins-LightItalic.ttf"; path = "../assets/fonts/Poppins-LightItalic.ttf"; sourceTree = "<group>"; fileEncoding = undefined; lastKnownFileType = unknown; explicitFileType = undefined; includeInIndex = 0; };
		848553EFEE2D4F519F8A1B43 /* Poppins-Medium.ttf */ = {isa = PBXFileReference; name = "Poppins-Medium.ttf"; path = "../assets/fonts/Poppins-Medium.ttf"; sourceTree = "<group>"; fileEncoding = undefined; lastKnownFileType = unknown; explicitFileType = undefined; includeInIndex = 0; };
		009C64D7E185418E8368862B /* Poppins-MediumItalic.ttf */ = {isa = PBXFileReference; name = "Poppins-MediumItalic.ttf"; path = "../assets/fonts/Poppins-MediumItalic.ttf"; sourceTree = "<group>"; fileEncoding = undefined; lastKnownFileType = unknown; explicitFileType = undefined; includeInIndex = 0; };
		052225287ACE45FFACB5D540 /* Poppins-Regular.ttf */ = {isa = PBXFileReference; name = "Poppins-Regular.ttf"; path = "../assets/fonts/Poppins-Regular.ttf"; sourceTree = "<group>"; fileEncoding = undefined; lastKnownFileType = unknown; explicitFileType = undefined; includeInIndex = 0; };
		2E75709324144F2BAE2A8BC1 /* Poppins-SemiBold.ttf */ = {isa = PBXFileReference; name = "Poppins-SemiBold.ttf"; path = "../assets/fonts/Poppins-SemiBold.ttf"; sourceTree = "<group>"; fileEncoding = undefined; lastKnownFileType = unknown; explicitFileType = undefined; includeInIndex = 0; };
		07D15D16CFC244B283AA79F8 /* Poppins-SemiBoldItalic.ttf */ = {isa = PBXFileReference; name = "Poppins-SemiBoldItalic.ttf"; path = "../assets/fonts/Poppins-SemiBoldItalic.ttf"; sourceTree = "<group>"; fileEncoding = undefined; lastKnownFileType = unknown; explicitFileType = undefined; includeInIndex = 0; };
		527D4B1F85A14C5FA6949E8F /* Poppins-Thin.ttf */ = {isa = PBXFileReference; name = "Poppins-Thin.ttf"; path = "../assets/fonts/Poppins-Thin.ttf"; sourceTree = "<group>"; fileEncoding = undefined; lastKnownFileType = unknown; explicitFileType = undefined; includeInIndex = 0; };
		3D95553A54B34DBB85E1DE34 /* Poppins-ThinItalic.ttf */ = {isa = PBXFileReference; name = "Poppins-ThinItalic.ttf"; path = "../assets/fonts/Poppins-ThinItalic.ttf"; sourceTree = "<group>"; fileEncoding = undefined; lastKnownFileType = unknown; explicitFileType = undefined; includeInIndex = 0; };
		0187686086FA4F2B88339058 /* Quicksand-Bold.ttf */ = {isa = PBXFileReference; name = "Quicksand-Bold.ttf"; path = "../assets/fonts/Quicksand-Bold.ttf"; sourceTree = "<group>"; fileEncoding = undefined; lastKnownFileType = unknown; explicitFileType = undefined; includeInIndex = 0; };
		C19EF3F47F8D456AA2BCCC31 /* Quicksand-Light.ttf */ = {isa = PBXFileReference; name = "Quicksand-Light.ttf"; path = "../assets/fonts/Quicksand-Light.ttf"; sourceTree = "<group>"; fileEncoding = undefined; lastKnownFileType = unknown; explicitFileType = undefined; includeInIndex = 0; };
		29DA29C48733422D8A388640 /* Quicksand-Medium.ttf */ = {isa = PBXFileReference; name = "Quicksand-Medium.ttf"; path = "../assets/fonts/Quicksand-Medium.ttf"; sourceTree = "<group>"; fileEncoding = undefined; lastKnownFileType = unknown; explicitFileType = undefined; includeInIndex = 0; };
		E7E367AF61CF41B0BC5C0274 /* Quicksand-Regular.ttf */ = {isa = PBXFileReference; name = "Quicksand-Regular.ttf"; path = "../assets/fonts/Quicksand-Regular.ttf"; sourceTree = "<group>"; fileEncoding = undefined; lastKnownFileType = unknown; explicitFileType = undefined; includeInIndex = 0; };
		54CC1C3ED41A4F1AB7F9CC1E /* Quicksand-SemiBold.ttf */ = {isa = PBXFileReference; name = "Quicksand-SemiBold.ttf"; path = "../assets/fonts/Quicksand-SemiBold.ttf"; sourceTree = "<group>"; fileEncoding = undefined; lastKnownFileType = unknown; explicitFileType = undefined; includeInIndex = 0; };
/* End PBXFileReference section */

/* Begin PBXFrameworksBuildPhase section */
		00E356EB1AD99517003FC87E /* Frameworks */ = {
			isa = PBXFrameworksBuildPhase;
			buildActionMask = 2147483647;
			files = (
				7699B88040F8A987B510C191 /* libPods-ChatAI-ChatAITests.a in Frameworks */,
			);
			runOnlyForDeploymentPostprocessing = 0;
		};
		13B07F8C1A680F5B00A75B9A /* Frameworks */ = {
			isa = PBXFrameworksBuildPhase;
			buildActionMask = 2147483647;
			files = (
				0C80B921A6F3F58F76C31292 /* libPods-ChatAI.a in Frameworks */,
			);
			runOnlyForDeploymentPostprocessing = 0;
		};
/* End PBXFrameworksBuildPhase section */

/* Begin PBXGroup section */
		00E356EF1AD99517003FC87E /* ChatAITests */ = {
			isa = PBXGroup;
			children = (
				00E356F21AD99517003FC87E /* ChatAITests.m */,
				00E356F01AD99517003FC87E /* Supporting Files */,
			);
			path = ChatAITests;
			sourceTree = "<group>";
		};
		00E356F01AD99517003FC87E /* Supporting Files */ = {
			isa = PBXGroup;
			children = (
				00E356F11AD99517003FC87E /* Info.plist */,
			);
			name = "Supporting Files";
			sourceTree = "<group>";
		};
		13B07FAE1A68108700A75B9A /* ChatAI */ = {
			isa = PBXGroup;
			children = (
				13B07FAF1A68108700A75B9A /* AppDelegate.h */,
				13B07FB01A68108700A75B9A /* AppDelegate.mm */,
				13B07FB51A68108700A75B9A /* Images.xcassets */,
				13B07FB61A68108700A75B9A /* Info.plist */,
				81AB9BB72411601600AC10FF /* LaunchScreen.storyboard */,
				13B07FB71A68108700A75B9A /* main.m */,
				13B07FB81A68108700A75B9A /* PrivacyInfo.xcprivacy */,
			);
			name = ChatAI;
			sourceTree = "<group>";
		};
		2D16E6871FA4F8E400B85C8A /* Frameworks */ = {
			isa = PBXGroup;
			children = (
				ED297162215061F000B7C4FE /* JavaScriptCore.framework */,
				5DCACB8F33CDC322A6C60F78 /* libPods-ChatAI.a */,
				19F6CBCC0A4E27FBF8BF4A61 /* libPods-ChatAI-ChatAITests.a */,
			);
			name = Frameworks;
			sourceTree = "<group>";
		};
		832341AE1AAA6A7D00B99B32 /* Libraries */ = {
			isa = PBXGroup;
			children = (
			);
			name = Libraries;
			sourceTree = "<group>";
		};
		83CBB9F61A601CBA00E9B192 = {
			isa = PBXGroup;
			children = (
				13B07FAE1A68108700A75B9A /* ChatAI */,
				832341AE1AAA6A7D00B99B32 /* Libraries */,
				00E356EF1AD99517003FC87E /* ChatAITests */,
				83CBBA001A601CBA00E9B192 /* Products */,
				2D16E6871FA4F8E400B85C8A /* Frameworks */,
				BBD78D7AC51CEA395F1C20DB /* Pods */,
				3F9D4F7C21D349D186A91A7F /* Resources */,
			);
			indentWidth = 2;
			sourceTree = "<group>";
			tabWidth = 2;
			usesTabs = 0;
		};
		83CBBA001A601CBA00E9B192 /* Products */ = {
			isa = PBXGroup;
			children = (
				13B07F961A680F5B00A75B9A /* ChatAI.app */,
				00E356EE1AD99517003FC87E /* ChatAITests.xctest */,
			);
			name = Products;
			sourceTree = "<group>";
		};
		BBD78D7AC51CEA395F1C20DB /* Pods */ = {
			isa = PBXGroup;
			children = (
				3B4392A12AC88292D35C810B /* Pods-ChatAI.debug.xcconfig */,
				5709B34CF0A7D63546082F79 /* Pods-ChatAI.release.xcconfig */,
				5B7EB9410499542E8C5724F5 /* Pods-ChatAI-ChatAITests.debug.xcconfig */,
				89C6BE57DB24E9ADA2F236DE /* Pods-ChatAI-ChatAITests.release.xcconfig */,
			);
			path = Pods;
			sourceTree = "<group>";
		};
		3F9D4F7C21D349D186A91A7F /* Resources */ = {
			isa = "PBXGroup";
			children = (
				59D2C1814A7A44AB9C39694D /* BIZUDPGothic-Bold.ttf */,
				EDE7B590151E425A88B5AE89 /* BIZUDPGothic-Regular.ttf */,
				75AC074558804949923D1CC0 /* JosefinSans-Bold.ttf */,
				CC24C70E68AA412782BCB944 /* JosefinSans-BoldItalic.ttf */,
				A5A3656D2A2249B2AF683EEB /* JosefinSans-ExtraLight.ttf */,
				20A0E832DAF845AAB4A2FF42 /* JosefinSans-ExtraLightItalic.ttf */,
				A91A42029EB448C98CE35D8D /* JosefinSans-Italic.ttf */,
				824C4AEA779442FF8EBEDE5F /* JosefinSans-Light.ttf */,
				161A1E9F97794E1CA1CA8A99 /* JosefinSans-LightItalic.ttf */,
				6F0A4B445466464AB50513E7 /* JosefinSans-Medium.ttf */,
				C02BEB06CC8D4129B6942A40 /* JosefinSans-MediumItalic.ttf */,
				464742CE4A944212BAC67BC4 /* JosefinSans-Regular.ttf */,
				E0C12B37DA8B409BBE6A867F /* JosefinSans-SemiBold.ttf */,
				2FB96C5F41F94175BA3A3D44 /* JosefinSans-SemiBoldItalic.ttf */,
				B65F5E6544B84B3AAED2F644 /* JosefinSans-Thin.ttf */,
				A0595B9A8A0246ECBAF50181 /* JosefinSans-ThinItalic.ttf */,
				18712F140A0D49949AA990BA /* Manrope-Bold.ttf */,
				C926C38D37034862A49AB256 /* Manrope-ExtraBold.ttf */,
				4B6DC35C3C4C4A898E39B39D /* Manrope-ExtraLight.ttf */,
				DA8A9378AA014905B9B6E323 /* Manrope-Light.ttf */,
				C0523FD3D37448E5B1443536 /* Manrope-Medium.ttf */,
				2E3FC45384AE44189CF06FE9 /* Manrope-Regular.ttf */,
				A8411CACC1404059AFFD92E6 /* Manrope-SemiBold.ttf */,
				F8732E4EC9774373A01C0940 /* Poppins-Black.ttf */,
				3DAE2B40C5D74FBD960EACB5 /* Poppins-BlackItalic.ttf */,
				10EEFCA8E5894E2ABC3D225A /* Poppins-Bold.ttf */,
				7EAA9F8305D54859B628BEF9 /* Poppins-BoldItalic.ttf */,
				D967C369C12047E9982FF93D /* Poppins-ExtraBold.ttf */,
				A4A3CA5B9E094C42ACEFB109 /* Poppins-ExtraBoldItalic.ttf */,
				3FA49D4D0CAC4BD5B3429D23 /* Poppins-ExtraLight.ttf */,
				0646DBCA8DE94F95BFF324EF /* Poppins-ExtraLightItalic.ttf */,
				2455B93286D141739FB48289 /* Poppins-Italic.ttf */,
				B4495F675E6343AFA4DACE85 /* Poppins-Light.ttf */,
				E30FBFA54CE34CD4AAB99E56 /* Poppins-LightItalic.ttf */,
				848553EFEE2D4F519F8A1B43 /* Poppins-Medium.ttf */,
				009C64D7E185418E8368862B /* Poppins-MediumItalic.ttf */,
				052225287ACE45FFACB5D540 /* Poppins-Regular.ttf */,
				2E75709324144F2BAE2A8BC1 /* Poppins-SemiBold.ttf */,
				07D15D16CFC244B283AA79F8 /* Poppins-SemiBoldItalic.ttf */,
				527D4B1F85A14C5FA6949E8F /* Poppins-Thin.ttf */,
				3D95553A54B34DBB85E1DE34 /* Poppins-ThinItalic.ttf */,
				0187686086FA4F2B88339058 /* Quicksand-Bold.ttf */,
				C19EF3F47F8D456AA2BCCC31 /* Quicksand-Light.ttf */,
				29DA29C48733422D8A388640 /* Quicksand-Medium.ttf */,
				E7E367AF61CF41B0BC5C0274 /* Quicksand-Regular.ttf */,
				54CC1C3ED41A4F1AB7F9CC1E /* Quicksand-SemiBold.ttf */,
			);
			name = Resources;
			sourceTree = "<group>";
			path = "";
		};
/* End PBXGroup section */

/* Begin PBXNativeTarget section */
		00E356ED1AD99517003FC87E /* ChatAITests */ = {
			isa = PBXNativeTarget;
			buildConfigurationList = 00E357021AD99517003FC87E /* Build configuration list for PBXNativeTarget "ChatAITests" */;
			buildPhases = (
				A55EABD7B0C7F3A422A6CC61 /* [CP] Check Pods Manifest.lock */,
				00E356EA1AD99517003FC87E /* Sources */,
				00E356EB1AD99517003FC87E /* Frameworks */,
				00E356EC1AD99517003FC87E /* Resources */,
				C59DA0FBD6956966B86A3779 /* [CP] Embed Pods Frameworks */,
				F6A41C54EA430FDDC6A6ED99 /* [CP] Copy Pods Resources */,
			);
			buildRules = (
			);
			dependencies = (
				00E356F51AD99517003FC87E /* PBXTargetDependency */,
			);
			name = ChatAITests;
			productName = ChatAITests;
			productReference = 00E356EE1AD99517003FC87E /* ChatAITests.xctest */;
			productType = "com.apple.product-type.bundle.unit-test";
		};
		13B07F861A680F5B00A75B9A /* ChatAI */ = {
			isa = PBXNativeTarget;
			buildConfigurationList = 13B07F931A680F5B00A75B9A /* Build configuration list for PBXNativeTarget "ChatAI" */;
			buildPhases = (
				C38B50BA6285516D6DCD4F65 /* [CP] Check Pods Manifest.lock */,
				13B07F871A680F5B00A75B9A /* Sources */,
				13B07F8C1A680F5B00A75B9A /* Frameworks */,
				13B07F8E1A680F5B00A75B9A /* Resources */,
				00DD1BFF1BD5951E006B06BC /* Bundle React Native code and images */,
				00EEFC60759A1932668264C0 /* [CP] Embed Pods Frameworks */,
				E235C05ADACE081382539298 /* [CP] Copy Pods Resources */,
			);
			buildRules = (
			);
			dependencies = (
			);
			name = ChatAI;
			productName = ChatAI;
			productReference = 13B07F961A680F5B00A75B9A /* ChatAI.app */;
			productType = "com.apple.product-type.application";
		};
/* End PBXNativeTarget section */

/* Begin PBXProject section */
		83CBB9F71A601CBA00E9B192 /* Project object */ = {
			isa = PBXProject;
			attributes = {
				LastUpgradeCheck = 1210;
				TargetAttributes = {
					00E356ED1AD99517003FC87E = {
						CreatedOnToolsVersion = 6.2;
						TestTargetID = 13B07F861A680F5B00A75B9A;
					};
					13B07F861A680F5B00A75B9A = {
						LastSwiftMigration = 1120;
					};
				};
			};
			buildConfigurationList = 83CBB9FA1A601CBA00E9B192 /* Build configuration list for PBXProject "ChatAI" */;
			compatibilityVersion = "Xcode 12.0";
			developmentRegion = en;
			hasScannedForEncodings = 0;
			knownRegions = (
				en,
				Base,
			);
			mainGroup = 83CBB9F61A601CBA00E9B192;
			productRefGroup = 83CBBA001A601CBA00E9B192 /* Products */;
			projectDirPath = "";
			projectRoot = "";
			targets = (
				13B07F861A680F5B00A75B9A /* ChatAI */,
				00E356ED1AD99517003FC87E /* ChatAITests */,
			);
		};
/* End PBXProject section */

/* Begin PBXResourcesBuildPhase section */
		00E356EC1AD99517003FC87E /* Resources */ = {
			isa = PBXResourcesBuildPhase;
			buildActionMask = 2147483647;
			files = (
			);
			runOnlyForDeploymentPostprocessing = 0;
		};
		13B07F8E1A680F5B00A75B9A /* Resources */ = {
			isa = PBXResourcesBuildPhase;
			buildActionMask = 2147483647;
			files = (
				81AB9BB82411601600AC10FF /* LaunchScreen.storyboard in Resources */,
				13B07FBF1A68108700A75B9A /* Images.xcassets in Resources */,
				D711E61427E9474E8E632DB5 /* BIZUDPGothic-Bold.ttf in Resources */,
				1528F04753CB47A58F0E967B /* BIZUDPGothic-Regular.ttf in Resources */,
				5D1D7ADD36FF4067BD997185 /* JosefinSans-Bold.ttf in Resources */,
				4380076DE77C47CFB78FE975 /* JosefinSans-BoldItalic.ttf in Resources */,
				6B654BFCB45C472B860FFD9A /* JosefinSans-ExtraLight.ttf in Resources */,
				E32602F2D08A4FFFA5E5A7DF /* JosefinSans-ExtraLightItalic.ttf in Resources */,
				5E0DF05C18804E70BA4D5E5D /* JosefinSans-Italic.ttf in Resources */,
				F2ACBF91F06543E48D180FF8 /* JosefinSans-Light.ttf in Resources */,
				B4EC70260D5E4F4D892DCBED /* JosefinSans-LightItalic.ttf in Resources */,
				DA1345098490434797621A18 /* JosefinSans-Medium.ttf in Resources */,
				7A5BBAE578B7458C968F731D /* JosefinSans-MediumItalic.ttf in Resources */,
				6F7FA4E98E134A9E9341B97D /* JosefinSans-Regular.ttf in Resources */,
				4912A695044646C1ADB14CC3 /* JosefinSans-SemiBold.ttf in Resources */,
				DEA483937D474C88B79F0034 /* JosefinSans-SemiBoldItalic.ttf in Resources */,
				A3398531A30B4F0594D97EFD /* JosefinSans-Thin.ttf in Resources */,
				2077C7DEB2BF4CE7812F83E7 /* JosefinSans-ThinItalic.ttf in Resources */,
				85465989666B4E8CA8914C13 /* Manrope-Bold.ttf in Resources */,
				C94F862A7C6B4A64BF4743EF /* Manrope-ExtraBold.ttf in Resources */,
				1A5319F21E5146C8AF001A83 /* Manrope-ExtraLight.ttf in Resources */,
				C1316C1AEED8499D99FA909C /* Manrope-Light.ttf in Resources */,
				0D054FA73FE0482482F14FE1 /* Manrope-Medium.ttf in Resources */,
				2AB6AA5B3B374A30830AD235 /* Manrope-Regular.ttf in Resources */,
				35BC81782B21427F8025C892 /* Manrope-SemiBold.ttf in Resources */,
				C1316E8F93CA4C4FB0E9EB17 /* Poppins-Black.ttf in Resources */,
				0CB70D5B1736409C81F75BC8 /* Poppins-BlackItalic.ttf in Resources */,
				99A2338C6351404DABA32BF1 /* Poppins-Bold.ttf in Resources */,
				2FFFA27726D24E02BBF00D87 /* Poppins-BoldItalic.ttf in Resources */,
				EC2384B769814961BECC5D25 /* Poppins-ExtraBold.ttf in Resources */,
				044A7A6438974B48946CA9FF /* Poppins-ExtraBoldItalic.ttf in Resources */,
				8A6A3E6946904FD4BE10005D /* Poppins-ExtraLight.ttf in Resources */,
				69CC9F95DB774105BFD29339 /* Poppins-ExtraLightItalic.ttf in Resources */,
				2DC988FA18694E3D910F4EF6 /* Poppins-Italic.ttf in Resources */,
				C2EB9263AEA54E69BF5000F4 /* Poppins-Light.ttf in Resources */,
				9F8D354C6E524591B827B239 /* Poppins-LightItalic.ttf in Resources */,
				BCDA0A1F1F12472CAA3D9C60 /* Poppins-Medium.ttf in Resources */,
				A5A302AD97D64E94BB8B16E4 /* Poppins-MediumItalic.ttf in Resources */,
				088701EF14DE41E09DB78415 /* Poppins-Regular.ttf in Resources */,
				F09F504615B84537ADFBEBB4 /* Poppins-SemiBold.ttf in Resources */,
				20BCC2E3E6F4469DA4D48637 /* Poppins-SemiBoldItalic.ttf in Resources */,
				F4C04020AE304821B11CF0E5 /* Poppins-Thin.ttf in Resources */,
				E72C97B08BE74934A5D00E1C /* Poppins-ThinItalic.ttf in Resources */,
				1740D90626B0429FA9F922D4 /* Quicksand-Bold.ttf in Resources */,
				210B299883C8475DB2A277BC /* Quicksand-Light.ttf in Resources */,
				940056B8C67040459292D7E8 /* Quicksand-Medium.ttf in Resources */,
				A9B985FCE77B47E39DC5FBCE /* Quicksand-Regular.ttf in Resources */,
				9D177D9178234352B069C2D6 /* Quicksand-SemiBold.ttf in Resources */,
			);
			runOnlyForDeploymentPostprocessing = 0;
		};
/* End PBXResourcesBuildPhase section */

/* Begin PBXShellScriptBuildPhase section */
		00DD1BFF1BD5951E006B06BC /* Bundle React Native code and images */ = {
			isa = PBXShellScriptBuildPhase;
			buildActionMask = 2147483647;
			files = (
			);
			inputPaths = (
				"$(SRCROOT)/.xcode.env.local",
				"$(SRCROOT)/.xcode.env",
			);
			name = "Bundle React Native code and images";
			outputPaths = (
			);
			runOnlyForDeploymentPostprocessing = 0;
			shellPath = /bin/sh;
			shellScript = "set -e\n\nWITH_ENVIRONMENT=\"$REACT_NATIVE_PATH/scripts/xcode/with-environment.sh\"\nREACT_NATIVE_XCODE=\"$REACT_NATIVE_PATH/scripts/react-native-xcode.sh\"\n\n/bin/sh -c \"$WITH_ENVIRONMENT $REACT_NATIVE_XCODE\"\n";
		};
		00EEFC60759A1932668264C0 /* [CP] Embed Pods Frameworks */ = {
			isa = PBXShellScriptBuildPhase;
			buildActionMask = 2147483647;
			files = (
			);
			inputFileListPaths = (
				"${PODS_ROOT}/Target Support Files/Pods-ChatAI/Pods-ChatAI-frameworks-${CONFIGURATION}-input-files.xcfilelist",
			);
			name = "[CP] Embed Pods Frameworks";
			outputFileListPaths = (
				"${PODS_ROOT}/Target Support Files/Pods-ChatAI/Pods-ChatAI-frameworks-${CONFIGURATION}-output-files.xcfilelist",
			);
			runOnlyForDeploymentPostprocessing = 0;
			shellPath = /bin/sh;
			shellScript = "\"${PODS_ROOT}/Target Support Files/Pods-ChatAI/Pods-ChatAI-frameworks.sh\"\n";
			showEnvVarsInLog = 0;
		};
		A55EABD7B0C7F3A422A6CC61 /* [CP] Check Pods Manifest.lock */ = {
			isa = PBXShellScriptBuildPhase;
			buildActionMask = 2147483647;
			files = (
			);
			inputFileListPaths = (
			);
			inputPaths = (
				"${PODS_PODFILE_DIR_PATH}/Podfile.lock",
				"${PODS_ROOT}/Manifest.lock",
			);
			name = "[CP] Check Pods Manifest.lock";
			outputFileListPaths = (
			);
			outputPaths = (
				"$(DERIVED_FILE_DIR)/Pods-ChatAI-ChatAITests-checkManifestLockResult.txt",
			);
			runOnlyForDeploymentPostprocessing = 0;
			shellPath = /bin/sh;
			shellScript = "diff \"${PODS_PODFILE_DIR_PATH}/Podfile.lock\" \"${PODS_ROOT}/Manifest.lock\" > /dev/null\nif [ $? != 0 ] ; then\n    # print error to STDERR\n    echo \"error: The sandbox is not in sync with the Podfile.lock. Run 'pod install' or update your CocoaPods installation.\" >&2\n    exit 1\nfi\n# This output is used by Xcode 'outputs' to avoid re-running this script phase.\necho \"SUCCESS\" > \"${SCRIPT_OUTPUT_FILE_0}\"\n";
			showEnvVarsInLog = 0;
		};
		C38B50BA6285516D6DCD4F65 /* [CP] Check Pods Manifest.lock */ = {
			isa = PBXShellScriptBuildPhase;
			buildActionMask = 2147483647;
			files = (
			);
			inputFileListPaths = (
			);
			inputPaths = (
				"${PODS_PODFILE_DIR_PATH}/Podfile.lock",
				"${PODS_ROOT}/Manifest.lock",
			);
			name = "[CP] Check Pods Manifest.lock";
			outputFileListPaths = (
			);
			outputPaths = (
				"$(DERIVED_FILE_DIR)/Pods-ChatAI-checkManifestLockResult.txt",
			);
			runOnlyForDeploymentPostprocessing = 0;
			shellPath = /bin/sh;
			shellScript = "diff \"${PODS_PODFILE_DIR_PATH}/Podfile.lock\" \"${PODS_ROOT}/Manifest.lock\" > /dev/null\nif [ $? != 0 ] ; then\n    # print error to STDERR\n    echo \"error: The sandbox is not in sync with the Podfile.lock. Run 'pod install' or update your CocoaPods installation.\" >&2\n    exit 1\nfi\n# This output is used by Xcode 'outputs' to avoid re-running this script phase.\necho \"SUCCESS\" > \"${SCRIPT_OUTPUT_FILE_0}\"\n";
			showEnvVarsInLog = 0;
		};
		C59DA0FBD6956966B86A3779 /* [CP] Embed Pods Frameworks */ = {
			isa = PBXShellScriptBuildPhase;
			buildActionMask = 2147483647;
			files = (
			);
			inputFileListPaths = (
				"${PODS_ROOT}/Target Support Files/Pods-ChatAI-ChatAITests/Pods-ChatAI-ChatAITests-frameworks-${CONFIGURATION}-input-files.xcfilelist",
			);
			name = "[CP] Embed Pods Frameworks";
			outputFileListPaths = (
				"${PODS_ROOT}/Target Support Files/Pods-ChatAI-ChatAITests/Pods-ChatAI-ChatAITests-frameworks-${CONFIGURATION}-output-files.xcfilelist",
			);
			runOnlyForDeploymentPostprocessing = 0;
			shellPath = /bin/sh;
			shellScript = "\"${PODS_ROOT}/Target Support Files/Pods-ChatAI-ChatAITests/Pods-ChatAI-ChatAITests-frameworks.sh\"\n";
			showEnvVarsInLog = 0;
		};
		E235C05ADACE081382539298 /* [CP] Copy Pods Resources */ = {
			isa = PBXShellScriptBuildPhase;
			buildActionMask = 2147483647;
			files = (
			);
			inputFileListPaths = (
				"${PODS_ROOT}/Target Support Files/Pods-ChatAI/Pods-ChatAI-resources-${CONFIGURATION}-input-files.xcfilelist",
			);
			name = "[CP] Copy Pods Resources";
			outputFileListPaths = (
				"${PODS_ROOT}/Target Support Files/Pods-ChatAI/Pods-ChatAI-resources-${CONFIGURATION}-output-files.xcfilelist",
			);
			runOnlyForDeploymentPostprocessing = 0;
			shellPath = /bin/sh;
			shellScript = "\"${PODS_ROOT}/Target Support Files/Pods-ChatAI/Pods-ChatAI-resources.sh\"\n";
			showEnvVarsInLog = 0;
		};
		F6A41C54EA430FDDC6A6ED99 /* [CP] Copy Pods Resources */ = {
			isa = PBXShellScriptBuildPhase;
			buildActionMask = 2147483647;
			files = (
			);
			inputFileListPaths = (
				"${PODS_ROOT}/Target Support Files/Pods-ChatAI-ChatAITests/Pods-ChatAI-ChatAITests-resources-${CONFIGURATION}-input-files.xcfilelist",
			);
			name = "[CP] Copy Pods Resources";
			outputFileListPaths = (
				"${PODS_ROOT}/Target Support Files/Pods-ChatAI-ChatAITests/Pods-ChatAI-ChatAITests-resources-${CONFIGURATION}-output-files.xcfilelist",
			);
			runOnlyForDeploymentPostprocessing = 0;
			shellPath = /bin/sh;
			shellScript = "\"${PODS_ROOT}/Target Support Files/Pods-ChatAI-ChatAITests/Pods-ChatAI-ChatAITests-resources.sh\"\n";
			showEnvVarsInLog = 0;
		};
/* End PBXShellScriptBuildPhase section */

/* Begin PBXSourcesBuildPhase section */
		00E356EA1AD99517003FC87E /* Sources */ = {
			isa = PBXSourcesBuildPhase;
			buildActionMask = 2147483647;
			files = (
				00E356F31AD99517003FC87E /* ChatAITests.m in Sources */,
			);
			runOnlyForDeploymentPostprocessing = 0;
		};
		13B07F871A680F5B00A75B9A /* Sources */ = {
			isa = PBXSourcesBuildPhase;
			buildActionMask = 2147483647;
			files = (
				13B07FBC1A68108700A75B9A /* AppDelegate.mm in Sources */,
				13B07FC11A68108700A75B9A /* main.m in Sources */,
			);
			runOnlyForDeploymentPostprocessing = 0;
		};
/* End PBXSourcesBuildPhase section */

/* Begin PBXTargetDependency section */
		00E356F51AD99517003FC87E /* PBXTargetDependency */ = {
			isa = PBXTargetDependency;
			target = 13B07F861A680F5B00A75B9A /* ChatAI */;
			targetProxy = 00E356F41AD99517003FC87E /* PBXContainerItemProxy */;
		};
/* End PBXTargetDependency section */

/* Begin XCBuildConfiguration section */
		00E356F61AD99517003FC87E /* Debug */ = {
			isa = XCBuildConfiguration;
			baseConfigurationReference = 5B7EB9410499542E8C5724F5 /* Pods-ChatAI-ChatAITests.debug.xcconfig */;
			buildSettings = {
				BUNDLE_LOADER = "$(TEST_HOST)";
				GCC_PREPROCESSOR_DEFINITIONS = (
					"DEBUG=1",
					"$(inherited)",
				);
				INFOPLIST_FILE = ChatAITests/Info.plist;
				IPHONEOS_DEPLOYMENT_TARGET = 13.4;
				LD_RUNPATH_SEARCH_PATHS = (
					"$(inherited)",
					"@executable_path/Frameworks",
					"@loader_path/Frameworks",
				);
				OTHER_LDFLAGS = (
					"-ObjC",
					"-lc++",
					"$(inherited)",
				);
				PRODUCT_BUNDLE_IDENTIFIER = "org.reactjs.native.example.$(PRODUCT_NAME:rfc1034identifier)";
				PRODUCT_NAME = "$(TARGET_NAME)";
				TEST_HOST = "$(BUILT_PRODUCTS_DIR)/ChatAI.app/ChatAI";
			};
			name = Debug;
		};
		00E356F71AD99517003FC87E /* Release */ = {
			isa = XCBuildConfiguration;
			baseConfigurationReference = 89C6BE57DB24E9ADA2F236DE /* Pods-ChatAI-ChatAITests.release.xcconfig */;
			buildSettings = {
				BUNDLE_LOADER = "$(TEST_HOST)";
				COPY_PHASE_STRIP = NO;
				INFOPLIST_FILE = ChatAITests/Info.plist;
				IPHONEOS_DEPLOYMENT_TARGET = 13.4;
				LD_RUNPATH_SEARCH_PATHS = (
					"$(inherited)",
					"@executable_path/Frameworks",
					"@loader_path/Frameworks",
				);
				OTHER_LDFLAGS = (
					"-ObjC",
					"-lc++",
					"$(inherited)",
				);
				PRODUCT_BUNDLE_IDENTIFIER = "org.reactjs.native.example.$(PRODUCT_NAME:rfc1034identifier)";
				PRODUCT_NAME = "$(TARGET_NAME)";
				TEST_HOST = "$(BUILT_PRODUCTS_DIR)/ChatAI.app/ChatAI";
			};
			name = Release;
		};
		13B07F941A680F5B00A75B9A /* Debug */ = {
			isa = XCBuildConfiguration;
			baseConfigurationReference = 3B4392A12AC88292D35C810B /* Pods-ChatAI.debug.xcconfig */;
			buildSettings = {
				ASSETCATALOG_COMPILER_APPICON_NAME = AppIcon;
				CLANG_ENABLE_MODULES = YES;
				CURRENT_PROJECT_VERSION = 1;
				ENABLE_BITCODE = NO;
				INFOPLIST_FILE = ChatAI/Info.plist;
				LD_RUNPATH_SEARCH_PATHS = (
					"$(inherited)",
					"@executable_path/Frameworks",
				);
				MARKETING_VERSION = 1.0;
				OTHER_LDFLAGS = (
					"$(inherited)",
					"-ObjC",
					"-lc++",
				);
				PRODUCT_BUNDLE_IDENTIFIER = "org.reactjs.native.example.$(PRODUCT_NAME:rfc1034identifier)";
				PRODUCT_NAME = ChatAI;
				SWIFT_OPTIMIZATION_LEVEL = "-Onone";
				SWIFT_VERSION = 5.0;
				VERSIONING_SYSTEM = "apple-generic";
			};
			name = Debug;
		};
		13B07F951A680F5B00A75B9A /* Release */ = {
			isa = XCBuildConfiguration;
			baseConfigurationReference = 5709B34CF0A7D63546082F79 /* Pods-ChatAI.release.xcconfig */;
			buildSettings = {
				ASSETCATALOG_COMPILER_APPICON_NAME = AppIcon;
				CLANG_ENABLE_MODULES = YES;
				CURRENT_PROJECT_VERSION = 1;
				INFOPLIST_FILE = ChatAI/Info.plist;
				LD_RUNPATH_SEARCH_PATHS = (
					"$(inherited)",
					"@executable_path/Frameworks",
				);
				MARKETING_VERSION = 1.0;
				OTHER_LDFLAGS = (
					"$(inherited)",
					"-ObjC",
					"-lc++",
				);
				PRODUCT_BUNDLE_IDENTIFIER = "org.reactjs.native.example.$(PRODUCT_NAME:rfc1034identifier)";
				PRODUCT_NAME = ChatAI;
				SWIFT_VERSION = 5.0;
				VERSIONING_SYSTEM = "apple-generic";
			};
			name = Release;
		};
		83CBBA201A601CBA00E9B192 /* Debug */ = {
			isa = XCBuildConfiguration;
			buildSettings = {
				ALWAYS_SEARCH_USER_PATHS = NO;
				CLANG_ANALYZER_LOCALIZABILITY_NONLOCALIZED = YES;
				CLANG_CXX_LANGUAGE_STANDARD = "c++20";
				CLANG_CXX_LIBRARY = "libc++";
				CLANG_ENABLE_MODULES = YES;
				CLANG_ENABLE_OBJC_ARC = YES;
				CLANG_WARN_BLOCK_CAPTURE_AUTORELEASING = YES;
				CLANG_WARN_BOOL_CONVERSION = YES;
				CLANG_WARN_COMMA = YES;
				CLANG_WARN_CONSTANT_CONVERSION = YES;
				CLANG_WARN_DEPRECATED_OBJC_IMPLEMENTATIONS = YES;
				CLANG_WARN_DIRECT_OBJC_ISA_USAGE = YES_ERROR;
				CLANG_WARN_EMPTY_BODY = YES;
				CLANG_WARN_ENUM_CONVERSION = YES;
				CLANG_WARN_INFINITE_RECURSION = YES;
				CLANG_WARN_INT_CONVERSION = YES;
				CLANG_WARN_NON_LITERAL_NULL_CONVERSION = YES;
				CLANG_WARN_OBJC_IMPLICIT_RETAIN_SELF = YES;
				CLANG_WARN_OBJC_LITERAL_CONVERSION = YES;
				CLANG_WARN_OBJC_ROOT_CLASS = YES_ERROR;
				CLANG_WARN_QUOTED_INCLUDE_IN_FRAMEWORK_HEADER = YES;
				CLANG_WARN_RANGE_LOOP_ANALYSIS = YES;
				CLANG_WARN_STRICT_PROTOTYPES = YES;
				CLANG_WARN_SUSPICIOUS_MOVE = YES;
				CLANG_WARN_UNREACHABLE_CODE = YES;
				CLANG_WARN__DUPLICATE_METHOD_MATCH = YES;
				"CODE_SIGN_IDENTITY[sdk=iphoneos*]" = "iPhone Developer";
				COPY_PHASE_STRIP = NO;
				ENABLE_STRICT_OBJC_MSGSEND = YES;
				ENABLE_TESTABILITY = YES;
				"EXCLUDED_ARCHS[sdk=iphonesimulator*]" = "";
				GCC_C_LANGUAGE_STANDARD = gnu99;
				GCC_DYNAMIC_NO_PIC = NO;
				GCC_NO_COMMON_BLOCKS = YES;
				GCC_OPTIMIZATION_LEVEL = 0;
				GCC_PREPROCESSOR_DEFINITIONS = (
					"DEBUG=1",
					"$(inherited)",
				);
				GCC_SYMBOLS_PRIVATE_EXTERN = NO;
				GCC_WARN_64_TO_32_BIT_CONVERSION = YES;
				GCC_WARN_ABOUT_RETURN_TYPE = YES_ERROR;
				GCC_WARN_UNDECLARED_SELECTOR = YES;
				GCC_WARN_UNINITIALIZED_AUTOS = YES_AGGRESSIVE;
				GCC_WARN_UNUSED_FUNCTION = YES;
				GCC_WARN_UNUSED_VARIABLE = YES;
				IPHONEOS_DEPLOYMENT_TARGET = 13.4;
				LD_RUNPATH_SEARCH_PATHS = (
					/usr/lib/swift,
					"$(inherited)",
				);
				LIBRARY_SEARCH_PATHS = (
					"\"$(SDKROOT)/usr/lib/swift\"",
					"\"$(TOOLCHAIN_DIR)/usr/lib/swift/$(PLATFORM_NAME)\"",
					"\"$(inherited)\"",
				);
				MTL_ENABLE_DEBUG_INFO = YES;
				ONLY_ACTIVE_ARCH = YES;
				OTHER_CPLUSPLUSFLAGS = (
					"$(OTHER_CFLAGS)",
					"-DFOLLY_NO_CONFIG",
					"-DFOLLY_MOBILE=1",
					"-DFOLLY_USE_LIBCPP=1",
					"-DFOLLY_CFG_NO_COROUTINES=1",
					"-DFOLLY_HAVE_CLOCK_GETTIME=1",
				);
				SDKROOT = iphoneos;
			};
			name = Debug;
		};
		83CBBA211A601CBA00E9B192 /* Release */ = {
			isa = XCBuildConfiguration;
			buildSettings = {
				ALWAYS_SEARCH_USER_PATHS = NO;
				CLANG_ANALYZER_LOCALIZABILITY_NONLOCALIZED = YES;
				CLANG_CXX_LANGUAGE_STANDARD = "c++20";
				CLANG_CXX_LIBRARY = "libc++";
				CLANG_ENABLE_MODULES = YES;
				CLANG_ENABLE_OBJC_ARC = YES;
				CLANG_WARN_BLOCK_CAPTURE_AUTORELEASING = YES;
				CLANG_WARN_BOOL_CONVERSION = YES;
				CLANG_WARN_COMMA = YES;
				CLANG_WARN_CONSTANT_CONVERSION = YES;
				CLANG_WARN_DEPRECATED_OBJC_IMPLEMENTATIONS = YES;
				CLANG_WARN_DIRECT_OBJC_ISA_USAGE = YES_ERROR;
				CLANG_WARN_EMPTY_BODY = YES;
				CLANG_WARN_ENUM_CONVERSION = YES;
				CLANG_WARN_INFINITE_RECURSION = YES;
				CLANG_WARN_INT_CONVERSION = YES;
				CLANG_WARN_NON_LITERAL_NULL_CONVERSION = YES;
				CLANG_WARN_OBJC_IMPLICIT_RETAIN_SELF = YES;
				CLANG_WARN_OBJC_LITERAL_CONVERSION = YES;
				CLANG_WARN_OBJC_ROOT_CLASS = YES_ERROR;
				CLANG_WARN_QUOTED_INCLUDE_IN_FRAMEWORK_HEADER = YES;
				CLANG_WARN_RANGE_LOOP_ANALYSIS = YES;
				CLANG_WARN_STRICT_PROTOTYPES = YES;
				CLANG_WARN_SUSPICIOUS_MOVE = YES;
				CLANG_WARN_UNREACHABLE_CODE = YES;
				CLANG_WARN__DUPLICATE_METHOD_MATCH = YES;
				"CODE_SIGN_IDENTITY[sdk=iphoneos*]" = "iPhone Developer";
				COPY_PHASE_STRIP = YES;
				ENABLE_NS_ASSERTIONS = NO;
				ENABLE_STRICT_OBJC_MSGSEND = YES;
				"EXCLUDED_ARCHS[sdk=iphonesimulator*]" = "";
				GCC_C_LANGUAGE_STANDARD = gnu99;
				GCC_NO_COMMON_BLOCKS = YES;
				GCC_WARN_64_TO_32_BIT_CONVERSION = YES;
				GCC_WARN_ABOUT_RETURN_TYPE = YES_ERROR;
				GCC_WARN_UNDECLARED_SELECTOR = YES;
				GCC_WARN_UNINITIALIZED_AUTOS = YES_AGGRESSIVE;
				GCC_WARN_UNUSED_FUNCTION = YES;
				GCC_WARN_UNUSED_VARIABLE = YES;
				IPHONEOS_DEPLOYMENT_TARGET = 13.4;
				LD_RUNPATH_SEARCH_PATHS = (
					/usr/lib/swift,
					"$(inherited)",
				);
				LIBRARY_SEARCH_PATHS = (
					"\"$(SDKROOT)/usr/lib/swift\"",
					"\"$(TOOLCHAIN_DIR)/usr/lib/swift/$(PLATFORM_NAME)\"",
					"\"$(inherited)\"",
				);
				MTL_ENABLE_DEBUG_INFO = NO;
				OTHER_CPLUSPLUSFLAGS = (
					"$(OTHER_CFLAGS)",
					"-DFOLLY_NO_CONFIG",
					"-DFOLLY_MOBILE=1",
					"-DFOLLY_USE_LIBCPP=1",
					"-DFOLLY_CFG_NO_COROUTINES=1",
					"-DFOLLY_HAVE_CLOCK_GETTIME=1",
				);
				SDKROOT = iphoneos;
				VALIDATE_PRODUCT = YES;
			};
			name = Release;
		};
/* End XCBuildConfiguration section */

/* Begin XCConfigurationList section */
		00E357021AD99517003FC87E /* Build configuration list for PBXNativeTarget "ChatAITests" */ = {
			isa = XCConfigurationList;
			buildConfigurations = (
				00E356F61AD99517003FC87E /* Debug */,
				00E356F71AD99517003FC87E /* Release */,
			);
			defaultConfigurationIsVisible = 0;
			defaultConfigurationName = Release;
		};
		13B07F931A680F5B00A75B9A /* Build configuration list for PBXNativeTarget "ChatAI" */ = {
			isa = XCConfigurationList;
			buildConfigurations = (
				13B07F941A680F5B00A75B9A /* Debug */,
				13B07F951A680F5B00A75B9A /* Release */,
			);
			defaultConfigurationIsVisible = 0;
			defaultConfigurationName = Release;
		};
		83CBB9FA1A601CBA00E9B192 /* Build configuration list for PBXProject "ChatAI" */ = {
			isa = XCConfigurationList;
			buildConfigurations = (
				83CBBA201A601CBA00E9B192 /* Debug */,
				83CBBA211A601CBA00E9B192 /* Release */,
			);
			defaultConfigurationIsVisible = 0;
			defaultConfigurationName = Release;
		};
/* End XCConfigurationList section */
	};
	rootObject = 83CBB9F71A601CBA00E9B192 /* Project object */;
}
